// !$*UTF8*$!
{
	archiveVersion = 1;
	classes = {
	};
	objectVersion = 50;
	objects = {

/* Begin PBXBuildFile section */
		81014BEA24A7C44800802331 /* RoundedView.swift in Sources */ = {isa = PBXBuildFile; fileRef = 81014BE924A7C44800802331 /* RoundedView.swift */; };
		81044E112423762D005028A8 /* AppDelegate.swift in Sources */ = {isa = PBXBuildFile; fileRef = 81044E102423762D005028A8 /* AppDelegate.swift */; };
		81044E132423762D005028A8 /* NotesVC.swift in Sources */ = {isa = PBXBuildFile; fileRef = 81044E122423762D005028A8 /* NotesVC.swift */; };
		81044E162423762D005028A8 /* Main.storyboard in Resources */ = {isa = PBXBuildFile; fileRef = 81044E142423762D005028A8 /* Main.storyboard */; };
		81044E182423762F005028A8 /* Assets.xcassets in Resources */ = {isa = PBXBuildFile; fileRef = 81044E172423762F005028A8 /* Assets.xcassets */; };
		81044E1B2423762F005028A8 /* LaunchScreen.storyboard in Resources */ = {isa = PBXBuildFile; fileRef = 81044E192423762F005028A8 /* LaunchScreen.storyboard */; };
		811B7228243FC58A002A29E7 /* TodoVC.swift in Sources */ = {isa = PBXBuildFile; fileRef = 811B7227243FC58A002A29E7 /* TodoVC.swift */; };
		811B722B243FD98C002A29E7 /* AnimateIndicatorView.swift in Sources */ = {isa = PBXBuildFile; fileRef = 811B722A243FD98C002A29E7 /* AnimateIndicatorView.swift */; };
		811B722D243FDE5E002A29E7 /* CaloriesVC.swift in Sources */ = {isa = PBXBuildFile; fileRef = 811B722C243FDE5E002A29E7 /* CaloriesVC.swift */; };
		814378232444987600F9F550 /* TodoItemCell.swift in Sources */ = {isa = PBXBuildFile; fileRef = 814378222444987600F9F550 /* TodoItemCell.swift */; };
		814378252444997800F9F550 /* NoteCell.swift in Sources */ = {isa = PBXBuildFile; fileRef = 814378242444997800F9F550 /* NoteCell.swift */; };
		814378272444A00E00F9F550 /* Date.swift in Sources */ = {isa = PBXBuildFile; fileRef = 814378262444A00E00F9F550 /* Date.swift */; };
		814378292444AA0500F9F550 /* Circle.swift in Sources */ = {isa = PBXBuildFile; fileRef = 814378282444AA0500F9F550 /* Circle.swift */; };
		8184630A243FB4B4009940EB /* GradientView.swift in Sources */ = {isa = PBXBuildFile; fileRef = 81846309243FB4B4009940EB /* GradientView.swift */; };
		819DE6E724435E26000DA158 /* CheckBox.swift in Sources */ = {isa = PBXBuildFile; fileRef = 819DE6E624435E26000DA158 /* CheckBox.swift */; };
		819DE6E924436AE0000DA158 /* CreateNoteVC.swift in Sources */ = {isa = PBXBuildFile; fileRef = 819DE6E824436AE0000DA158 /* CreateNoteVC.swift */; };
		819DE6EB2443D199000DA158 /* EditNoteVC.swift in Sources */ = {isa = PBXBuildFile; fileRef = 819DE6EA2443D199000DA158 /* EditNoteVC.swift */; };
		819FE13524429A56007271AB /* AddTodoItemVC.swift in Sources */ = {isa = PBXBuildFile; fileRef = 819FE13424429A56007271AB /* AddTodoItemVC.swift */; };
		81A89D7224476FBF0026E2A5 /* AddFoodVC.swift in Sources */ = {isa = PBXBuildFile; fileRef = 81A89D7124476FBF0026E2A5 /* AddFoodVC.swift */; };
		81C2E9AA24479C5700AD790C /* SearchedFoodCell.swift in Sources */ = {isa = PBXBuildFile; fileRef = 81C2E9A924479C5700AD790C /* SearchedFoodCell.swift */; };
		81D69D4724483F490044700A /* AddedFoodCell.swift in Sources */ = {isa = PBXBuildFile; fileRef = 81D69D4624483F490044700A /* AddedFoodCell.swift */; };
		81D69D492448747A0044700A /* ConfirmNewFoodVC.swift in Sources */ = {isa = PBXBuildFile; fileRef = 81D69D482448747A0044700A /* ConfirmNewFoodVC.swift */; };
/* End PBXBuildFile section */

/* Begin PBXFileReference section */
		81014BE924A7C44800802331 /* RoundedView.swift */ = {isa = PBXFileReference; lastKnownFileType = sourcecode.swift; path = RoundedView.swift; sourceTree = "<group>"; };
		81044E0D2423762D005028A8 /* life.app */ = {isa = PBXFileReference; explicitFileType = wrapper.application; includeInIndex = 0; path = life.app; sourceTree = BUILT_PRODUCTS_DIR; };
		81044E102423762D005028A8 /* AppDelegate.swift */ = {isa = PBXFileReference; lastKnownFileType = sourcecode.swift; path = AppDelegate.swift; sourceTree = "<group>"; };
		81044E122423762D005028A8 /* NotesVC.swift */ = {isa = PBXFileReference; lastKnownFileType = sourcecode.swift; path = NotesVC.swift; sourceTree = "<group>"; };
		81044E152423762D005028A8 /* Base */ = {isa = PBXFileReference; lastKnownFileType = file.storyboard; name = Base; path = Base.lproj/Main.storyboard; sourceTree = "<group>"; };
		81044E172423762F005028A8 /* Assets.xcassets */ = {isa = PBXFileReference; lastKnownFileType = folder.assetcatalog; path = Assets.xcassets; sourceTree = "<group>"; };
		81044E1A2423762F005028A8 /* Base */ = {isa = PBXFileReference; lastKnownFileType = file.storyboard; name = Base; path = Base.lproj/LaunchScreen.storyboard; sourceTree = "<group>"; };
		81044E1C2423762F005028A8 /* Info.plist */ = {isa = PBXFileReference; lastKnownFileType = text.plist.xml; path = Info.plist; sourceTree = "<group>"; };
		811B7227243FC58A002A29E7 /* TodoVC.swift */ = {isa = PBXFileReference; lastKnownFileType = sourcecode.swift; path = TodoVC.swift; sourceTree = "<group>"; };
		811B722A243FD98C002A29E7 /* AnimateIndicatorView.swift */ = {isa = PBXFileReference; lastKnownFileType = sourcecode.swift; path = AnimateIndicatorView.swift; sourceTree = "<group>"; };
		811B722C243FDE5E002A29E7 /* CaloriesVC.swift */ = {isa = PBXFileReference; lastKnownFileType = sourcecode.swift; path = CaloriesVC.swift; sourceTree = "<group>"; };
		814378222444987600F9F550 /* TodoItemCell.swift */ = {isa = PBXFileReference; lastKnownFileType = sourcecode.swift; path = TodoItemCell.swift; sourceTree = "<group>"; };
		814378242444997800F9F550 /* NoteCell.swift */ = {isa = PBXFileReference; lastKnownFileType = sourcecode.swift; path = NoteCell.swift; sourceTree = "<group>"; };
		814378262444A00E00F9F550 /* Date.swift */ = {isa = PBXFileReference; lastKnownFileType = sourcecode.swift; path = Date.swift; sourceTree = "<group>"; };
		814378282444AA0500F9F550 /* Circle.swift */ = {isa = PBXFileReference; lastKnownFileType = sourcecode.swift; path = Circle.swift; sourceTree = "<group>"; };
		81846309243FB4B4009940EB /* GradientView.swift */ = {isa = PBXFileReference; lastKnownFileType = sourcecode.swift; path = GradientView.swift; sourceTree = "<group>"; };
		819DE6E624435E26000DA158 /* CheckBox.swift */ = {isa = PBXFileReference; lastKnownFileType = sourcecode.swift; path = CheckBox.swift; sourceTree = "<group>"; };
		819DE6E824436AE0000DA158 /* CreateNoteVC.swift */ = {isa = PBXFileReference; lastKnownFileType = sourcecode.swift; path = CreateNoteVC.swift; sourceTree = "<group>"; };
		819DE6EA2443D199000DA158 /* EditNoteVC.swift */ = {isa = PBXFileReference; lastKnownFileType = sourcecode.swift; path = EditNoteVC.swift; sourceTree = "<group>"; };
		819FE13424429A56007271AB /* AddTodoItemVC.swift */ = {isa = PBXFileReference; lastKnownFileType = sourcecode.swift; path = AddTodoItemVC.swift; sourceTree = "<group>"; };
		81A89D7124476FBF0026E2A5 /* AddFoodVC.swift */ = {isa = PBXFileReference; lastKnownFileType = sourcecode.swift; path = AddFoodVC.swift; sourceTree = "<group>"; };
		81C2E9A924479C5700AD790C /* SearchedFoodCell.swift */ = {isa = PBXFileReference; lastKnownFileType = sourcecode.swift; path = SearchedFoodCell.swift; sourceTree = "<group>"; };
		81D69D4624483F490044700A /* AddedFoodCell.swift */ = {isa = PBXFileReference; lastKnownFileType = sourcecode.swift; name = AddedFoodCell.swift; path = life/Model/AddedFoodCell.swift; sourceTree = SOURCE_ROOT; };
		81D69D482448747A0044700A /* ConfirmNewFoodVC.swift */ = {isa = PBXFileReference; lastKnownFileType = sourcecode.swift; path = ConfirmNewFoodVC.swift; sourceTree = "<group>"; };
/* End PBXFileReference section */

/* Begin PBXFrameworksBuildPhase section */
		81044E0A2423762D005028A8 /* Frameworks */ = {
			isa = PBXFrameworksBuildPhase;
			buildActionMask = 2147483647;
			files = (
			);
			runOnlyForDeploymentPostprocessing = 0;
		};
/* End PBXFrameworksBuildPhase section */

/* Begin PBXGroup section */
		81044E042423762D005028A8 = {
			isa = PBXGroup;
			children = (
				81044E0F2423762D005028A8 /* life */,
				81044E0E2423762D005028A8 /* Products */,
			);
			sourceTree = "<group>";
		};
		81044E0E2423762D005028A8 /* Products */ = {
			isa = PBXGroup;
			children = (
				81044E0D2423762D005028A8 /* life.app */,
			);
			name = Products;
			sourceTree = "<group>";
		};
		81044E0F2423762D005028A8 /* life */ = {
			isa = PBXGroup;
			children = (
				811B7229243FD975002A29E7 /* Extension */,
				81846308243FA8EC009940EB /* Model */,
				81846307243FA8DB009940EB /* View */,
				81846306243FA8C6009940EB /* Controller */,
				81044E102423762D005028A8 /* AppDelegate.swift */,
				81044E142423762D005028A8 /* Main.storyboard */,
				81044E172423762F005028A8 /* Assets.xcassets */,
				81044E192423762F005028A8 /* LaunchScreen.storyboard */,
				81044E1C2423762F005028A8 /* Info.plist */,
			);
			path = life;
			sourceTree = "<group>";
		};
		811B7229243FD975002A29E7 /* Extension */ = {
			isa = PBXGroup;
			children = (
				811B722A243FD98C002A29E7 /* AnimateIndicatorView.swift */,
				814378262444A00E00F9F550 /* Date.swift */,
			);
			path = Extension;
			sourceTree = "<group>";
		};
		81846306243FA8C6009940EB /* Controller */ = {
			isa = PBXGroup;
			children = (
				81044E122423762D005028A8 /* NotesVC.swift */,
				811B7227243FC58A002A29E7 /* TodoVC.swift */,
				811B722C243FDE5E002A29E7 /* CaloriesVC.swift */,
				819FE13424429A56007271AB /* AddTodoItemVC.swift */,
				819DE6E824436AE0000DA158 /* CreateNoteVC.swift */,
				819DE6EA2443D199000DA158 /* EditNoteVC.swift */,
				81A89D7124476FBF0026E2A5 /* AddFoodVC.swift */,
				81D69D482448747A0044700A /* ConfirmNewFoodVC.swift */,
			);
			path = Controller;
			sourceTree = "<group>";
		};
		81846307243FA8DB009940EB /* View */ = {
			isa = PBXGroup;
			children = (
				81846309243FB4B4009940EB /* GradientView.swift */,
				819DE6E624435E26000DA158 /* CheckBox.swift */,
				814378282444AA0500F9F550 /* Circle.swift */,
				81014BE924A7C44800802331 /* RoundedView.swift */,
			);
			path = View;
			sourceTree = "<group>";
		};
		81846308243FA8EC009940EB /* Model */ = {
			isa = PBXGroup;
			children = (
				81D69D4624483F490044700A /* AddedFoodCell.swift */,
				814378222444987600F9F550 /* TodoItemCell.swift */,
				814378242444997800F9F550 /* NoteCell.swift */,
				81C2E9A924479C5700AD790C /* SearchedFoodCell.swift */,
			);
			path = Model;
			sourceTree = "<group>";
		};
/* End PBXGroup section */

/* Begin PBXNativeTarget section */
		81044E0C2423762D005028A8 /* life */ = {
			isa = PBXNativeTarget;
			buildConfigurationList = 81044E1F2423762F005028A8 /* Build configuration list for PBXNativeTarget "life" */;
			buildPhases = (
				81044E092423762D005028A8 /* Sources */,
				81044E0A2423762D005028A8 /* Frameworks */,
				81044E0B2423762D005028A8 /* Resources */,
				81CB4EA124539346007470D3 /* ShellScript */,
			);
			buildRules = (
			);
			dependencies = (
			);
			name = life;
			productName = life;
			productReference = 81044E0D2423762D005028A8 /* life.app */;
			productType = "com.apple.product-type.application";
		};
/* End PBXNativeTarget section */

/* Begin PBXProject section */
		81044E052423762D005028A8 /* Project object */ = {
			isa = PBXProject;
			attributes = {
				LastSwiftUpdateCheck = 1030;
				LastUpgradeCheck = 1030;
				ORGANIZATIONNAME = "Stefan Holmberg";
				TargetAttributes = {
					81044E0C2423762D005028A8 = {
						CreatedOnToolsVersion = 10.3;
					};
				};
			};
			buildConfigurationList = 81044E082423762D005028A8 /* Build configuration list for PBXProject "life" */;
			compatibilityVersion = "Xcode 9.3";
			developmentRegion = en;
			hasScannedForEncodings = 0;
			knownRegions = (
				en,
				Base,
			);
			mainGroup = 81044E042423762D005028A8;
			productRefGroup = 81044E0E2423762D005028A8 /* Products */;
			projectDirPath = "";
			projectRoot = "";
			targets = (
				81044E0C2423762D005028A8 /* life */,
			);
		};
/* End PBXProject section */

/* Begin PBXResourcesBuildPhase section */
		81044E0B2423762D005028A8 /* Resources */ = {
			isa = PBXResourcesBuildPhase;
			buildActionMask = 2147483647;
			files = (
				81044E1B2423762F005028A8 /* LaunchScreen.storyboard in Resources */,
				81044E182423762F005028A8 /* Assets.xcassets in Resources */,
				81044E162423762D005028A8 /* Main.storyboard in Resources */,
			);
			runOnlyForDeploymentPostprocessing = 0;
		};
/* End PBXResourcesBuildPhase section */

/* Begin PBXShellScriptBuildPhase section */
		81CB4EA124539346007470D3 /* ShellScript */ = {
			isa = PBXShellScriptBuildPhase;
			buildActionMask = 2147483647;
			files = (
			);
			inputFileListPaths = (
			);
			inputPaths = (
			);
			outputFileListPaths = (
			);
			outputPaths = (
			);
			runOnlyForDeploymentPostprocessing = 0;
			shellPath = /bin/sh;
			shellScript = "if which swiftlint >/dev/null; then\nswiftlint\nelse\necho \"warning: SwiftLint not installed, download from https://github.com/realm/SwiftLint\"\nfi\n";
		};
/* End PBXShellScriptBuildPhase section */

/* Begin PBXSourcesBuildPhase section */
		81044E092423762D005028A8 /* Sources */ = {
			isa = PBXSourcesBuildPhase;
			buildActionMask = 2147483647;
			files = (
				81014BEA24A7C44800802331 /* RoundedView.swift in Sources */,
				814378232444987600F9F550 /* TodoItemCell.swift in Sources */,
				819DE6E724435E26000DA158 /* CheckBox.swift in Sources */,
				819FE13524429A56007271AB /* AddTodoItemVC.swift in Sources */,
				814378252444997800F9F550 /* NoteCell.swift in Sources */,
				81D69D492448747A0044700A /* ConfirmNewFoodVC.swift in Sources */,
				811B722D243FDE5E002A29E7 /* CaloriesVC.swift in Sources */,
				819DE6E924436AE0000DA158 /* CreateNoteVC.swift in Sources */,
				81A89D7224476FBF0026E2A5 /* AddFoodVC.swift in Sources */,
				81D69D4724483F490044700A /* AddedFoodCell.swift in Sources */,
				811B722B243FD98C002A29E7 /* AnimateIndicatorView.swift in Sources */,
				81C2E9AA24479C5700AD790C /* SearchedFoodCell.swift in Sources */,
				814378292444AA0500F9F550 /* Circle.swift in Sources */,
				81044E132423762D005028A8 /* NotesVC.swift in Sources */,
				81044E112423762D005028A8 /* AppDelegate.swift in Sources */,
				811B7228243FC58A002A29E7 /* TodoVC.swift in Sources */,
				819DE6EB2443D199000DA158 /* EditNoteVC.swift in Sources */,
				814378272444A00E00F9F550 /* Date.swift in Sources */,
				8184630A243FB4B4009940EB /* GradientView.swift in Sources */,
			);
			runOnlyForDeploymentPostprocessing = 0;
		};
/* End PBXSourcesBuildPhase section */

/* Begin PBXVariantGroup section */
		81044E142423762D005028A8 /* Main.storyboard */ = {
			isa = PBXVariantGroup;
			children = (
				81044E152423762D005028A8 /* Base */,
			);
			name = Main.storyboard;
			sourceTree = "<group>";
		};
		81044E192423762F005028A8 /* LaunchScreen.storyboard */ = {
			isa = PBXVariantGroup;
			children = (
				81044E1A2423762F005028A8 /* Base */,
			);
			name = LaunchScreen.storyboard;
			sourceTree = "<group>";
		};
/* End PBXVariantGroup section */

/* Begin XCBuildConfiguration section */
		81044E1D2423762F005028A8 /* Debug */ = {
			isa = XCBuildConfiguration;
			buildSettings = {
				ALWAYS_SEARCH_USER_PATHS = NO;
				CLANG_ANALYZER_NONNULL = YES;
				CLANG_ANALYZER_NUMBER_OBJECT_CONVERSION = YES_AGGRESSIVE;
				CLANG_CXX_LANGUAGE_STANDARD = "gnu++14";
				CLANG_CXX_LIBRARY = "libc++";
				CLANG_ENABLE_MODULES = YES;
				CLANG_ENABLE_OBJC_ARC = YES;
				CLANG_ENABLE_OBJC_WEAK = YES;
				CLANG_WARN_BLOCK_CAPTURE_AUTORELEASING = YES;
				CLANG_WARN_BOOL_CONVERSION = YES;
				CLANG_WARN_COMMA = YES;
				CLANG_WARN_CONSTANT_CONVERSION = YES;
				CLANG_WARN_DEPRECATED_OBJC_IMPLEMENTATIONS = YES;
				CLANG_WARN_DIRECT_OBJC_ISA_USAGE = YES_ERROR;
				CLANG_WARN_DOCUMENTATION_COMMENTS = YES;
				CLANG_WARN_EMPTY_BODY = YES;
				CLANG_WARN_ENUM_CONVERSION = YES;
				CLANG_WARN_INFINITE_RECURSION = YES;
				CLANG_WARN_INT_CONVERSION = YES;
				CLANG_WARN_NON_LITERAL_NULL_CONVERSION = YES;
				CLANG_WARN_OBJC_IMPLICIT_RETAIN_SELF = YES;
				CLANG_WARN_OBJC_LITERAL_CONVERSION = YES;
				CLANG_WARN_OBJC_ROOT_CLASS = YES_ERROR;
				CLANG_WARN_RANGE_LOOP_ANALYSIS = YES;
				CLANG_WARN_STRICT_PROTOTYPES = YES;
				CLANG_WARN_SUSPICIOUS_MOVE = YES;
				CLANG_WARN_UNGUARDED_AVAILABILITY = YES_AGGRESSIVE;
				CLANG_WARN_UNREACHABLE_CODE = YES;
				CLANG_WARN__DUPLICATE_METHOD_MATCH = YES;
				CODE_SIGN_IDENTITY = "iPhone Developer";
				COPY_PHASE_STRIP = NO;
				DEBUG_INFORMATION_FORMAT = dwarf;
				ENABLE_STRICT_OBJC_MSGSEND = YES;
				ENABLE_TESTABILITY = YES;
				GCC_C_LANGUAGE_STANDARD = gnu11;
				GCC_DYNAMIC_NO_PIC = NO;
				GCC_NO_COMMON_BLOCKS = YES;
				GCC_OPTIMIZATION_LEVEL = 0;
				GCC_PREPROCESSOR_DEFINITIONS = (
					"DEBUG=1",
					"$(inherited)",
				);
				GCC_WARN_64_TO_32_BIT_CONVERSION = YES;
				GCC_WARN_ABOUT_RETURN_TYPE = YES_ERROR;
				GCC_WARN_UNDECLARED_SELECTOR = YES;
				GCC_WARN_UNINITIALIZED_AUTOS = YES_AGGRESSIVE;
				GCC_WARN_UNUSED_FUNCTION = YES;
				GCC_WARN_UNUSED_VARIABLE = YES;
				IPHONEOS_DEPLOYMENT_TARGET = 12.4;
				MTL_ENABLE_DEBUG_INFO = INCLUDE_SOURCE;
				MTL_FAST_MATH = YES;
				ONLY_ACTIVE_ARCH = YES;
				SDKROOT = iphoneos;
				SWIFT_ACTIVE_COMPILATION_CONDITIONS = DEBUG;
				SWIFT_OPTIMIZATION_LEVEL = "-Onone";
			};
			name = Debug;
		};
		81044E1E2423762F005028A8 /* Release */ = {
			isa = XCBuildConfiguration;
			buildSettings = {
				ALWAYS_SEARCH_USER_PATHS = NO;
				CLANG_ANALYZER_NONNULL = YES;
				CLANG_ANALYZER_NUMBER_OBJECT_CONVERSION = YES_AGGRESSIVE;
				CLANG_CXX_LANGUAGE_STANDARD = "gnu++14";
				CLANG_CXX_LIBRARY = "libc++";
				CLANG_ENABLE_MODULES = YES;
				CLANG_ENABLE_OBJC_ARC = YES;
				CLANG_ENABLE_OBJC_WEAK = YES;
				CLANG_WARN_BLOCK_CAPTURE_AUTORELEASING = YES;
				CLANG_WARN_BOOL_CONVERSION = YES;
				CLANG_WARN_COMMA = YES;
				CLANG_WARN_CONSTANT_CONVERSION = YES;
				CLANG_WARN_DEPRECATED_OBJC_IMPLEMENTATIONS = YES;
				CLANG_WARN_DIRECT_OBJC_ISA_USAGE = YES_ERROR;
				CLANG_WARN_DOCUMENTATION_COMMENTS = YES;
				CLANG_WARN_EMPTY_BODY = YES;
				CLANG_WARN_ENUM_CONVERSION = YES;
				CLANG_WARN_INFINITE_RECURSION = YES;
				CLANG_WARN_INT_CONVERSION = YES;
				CLANG_WARN_NON_LITERAL_NULL_CONVERSION = YES;
				CLANG_WARN_OBJC_IMPLICIT_RETAIN_SELF = YES;
				CLANG_WARN_OBJC_LITERAL_CONVERSION = YES;
				CLANG_WARN_OBJC_ROOT_CLASS = YES_ERROR;
				CLANG_WARN_RANGE_LOOP_ANALYSIS = YES;
				CLANG_WARN_STRICT_PROTOTYPES = YES;
				CLANG_WARN_SUSPICIOUS_MOVE = YES;
				CLANG_WARN_UNGUARDED_AVAILABILITY = YES_AGGRESSIVE;
				CLANG_WARN_UNREACHABLE_CODE = YES;
				CLANG_WARN__DUPLICATE_METHOD_MATCH = YES;
				CODE_SIGN_IDENTITY = "iPhone Developer";
				COPY_PHASE_STRIP = NO;
				DEBUG_INFORMATION_FORMAT = "dwarf-with-dsym";
				ENABLE_NS_ASSERTIONS = NO;
				ENABLE_STRICT_OBJC_MSGSEND = YES;
				GCC_C_LANGUAGE_STANDARD = gnu11;
				GCC_NO_COMMON_BLOCKS = YES;
				GCC_WARN_64_TO_32_BIT_CONVERSION = YES;
				GCC_WARN_ABOUT_RETURN_TYPE = YES_ERROR;
				GCC_WARN_UNDECLARED_SELECTOR = YES;
				GCC_WARN_UNINITIALIZED_AUTOS = YES_AGGRESSIVE;
				GCC_WARN_UNUSED_FUNCTION = YES;
				GCC_WARN_UNUSED_VARIABLE = YES;
				IPHONEOS_DEPLOYMENT_TARGET = 12.4;
				MTL_ENABLE_DEBUG_INFO = NO;
				MTL_FAST_MATH = YES;
				SDKROOT = iphoneos;
				SWIFT_COMPILATION_MODE = wholemodule;
				SWIFT_OPTIMIZATION_LEVEL = "-O";
				VALIDATE_PRODUCT = YES;
			};
			name = Release;
		};
		81044E202423762F005028A8 /* Debug */ = {
			isa = XCBuildConfiguration;
			buildSettings = {
				ASSETCATALOG_COMPILER_APPICON_NAME = AppIcon;
				CODE_SIGN_STYLE = Automatic;
				DEVELOPMENT_TEAM = ZP42QG593K;
				INFOPLIST_FILE = life/Info.plist;
				LD_RUNPATH_SEARCH_PATHS = (
					"$(inherited)",
					"@executable_path/Frameworks",
				);
				PRODUCT_BUNDLE_IDENTIFIER = se.stefanholmberg.life;
				PRODUCT_NAME = "$(TARGET_NAME)";
				SWIFT_VERSION = 5.0;
				TARGETED_DEVICE_FAMILY = "1,2";
			};
			name = Debug;
		};
		81044E212423762F005028A8 /* Release */ = {
			isa = XCBuildConfiguration;
			buildSettings = {
				ASSETCATALOG_COMPILER_APPICON_NAME = AppIcon;
				CODE_SIGN_STYLE = Automatic;
				DEVELOPMENT_TEAM = ZP42QG593K;
				INFOPLIST_FILE = life/Info.plist;
				LD_RUNPATH_SEARCH_PATHS = (
					"$(inherited)",
					"@executable_path/Frameworks",
				);
				PRODUCT_BUNDLE_IDENTIFIER = se.stefanholmberg.life;
				PRODUCT_NAME = "$(TARGET_NAME)";
				SWIFT_VERSION = 5.0;
				TARGETED_DEVICE_FAMILY = "1,2";
			};
			name = Release;
		};
/* End XCBuildConfiguration section */

/* Begin XCConfigurationList section */
		81044E082423762D005028A8 /* Build configuration list for PBXProject "life" */ = {
			isa = XCConfigurationList;
			buildConfigurations = (
				81044E1D2423762F005028A8 /* Debug */,
				81044E1E2423762F005028A8 /* Release */,
			);
			defaultConfigurationIsVisible = 0;
			defaultConfigurationName = Release;
		};
		81044E1F2423762F005028A8 /* Build configuration list for PBXNativeTarget "life" */ = {
			isa = XCConfigurationList;
			buildConfigurations = (
				81044E202423762F005028A8 /* Debug */,
				81044E212423762F005028A8 /* Release */,
			);
			defaultConfigurationIsVisible = 0;
			defaultConfigurationName = Release;
		};
/* End XCConfigurationList section */
	};
	rootObject = 81044E052423762D005028A8 /* Project object */;
}
